{
  "name": "node-sds",
  "version": "1.3.0",
  "lockfileVersion": 1,
  "requires": true,
  "dependencies": {
    "yn": {
      "version": "2.0.0",
      "resolved": "https://registry.yarnpkg.com/yn/-/yn-2.0.0.tgz",
      "integrity": "sha1-5a2ryKz0CPY4X8dklWhMiOavaJo="
    },
    "highlight.js": {
      "version": "9.12.0",
      "resolved": "https://registry.yarnpkg.com/highlight.js/-/highlight.js-9.12.0.tgz",
      "integrity": "sha1-5tnb5Xy+/mB1HwKvM2GVhwyQwB4="
    },
    "tslib": {
      "version": "1.9.3",
      "resolved": "https://registry.yarnpkg.com/tslib/-/tslib-1.9.3.tgz",
      "integrity": "sha1-1+TdeSRdhUKMTX5IIqeZF5VMooY="
    },
    "glob": {
      "version": "7.1.2",
      "resolved": "https://registry.yarnpkg.com/glob/-/glob-7.1.2.tgz",
      "integrity": "sha1-wZyd+aAocC1nhhI4SmVSQExjbRU=",
      "requires": {
        "fs.realpath": "1.0.0",
        "inflight": "1.0.6",
        "inherits": "2.0.3",
        "minimatch": "3.0.4",
        "once": "1.4.0",
        "path-is-absolute": "1.0.1"
      }
    },
    "semver": {
      "version": "5.5.0",
      "resolved": "https://registry.yarnpkg.com/semver/-/semver-5.5.0.tgz",
      "integrity": "sha1-3Eu8emyp2Rbe5dQ1FvAJK1j3uKs="
    },
    "graceful-fs": {
      "version": "4.1.11",
      "resolved": "https://registry.yarnpkg.com/graceful-fs/-/graceful-fs-4.1.11.tgz",
      "integrity": "sha1-Dovf5NHduIVNZOBOp8AOKgJuVlg="
    },
    "inflight": {
      "version": "1.0.6",
      "resolved": "https://registry.yarnpkg.com/inflight/-/inflight-1.0.6.tgz",
      "integrity": "sha1-Sb1jMdfQLQwJvJEKEHW6gWW1bfk=",
      "requires": {
        "once": "1.4.0",
        "wrappy": "1.0.2"
      }
    },
    "growl": {
      "version": "1.9.2",
      "resolved": "https://registry.yarnpkg.com/growl/-/growl-1.9.2.tgz",
      "integrity": "sha1-Dqd0NxXbjY3ixe3hd14bRayFwC8="
    },
    "ts-node": {
      "version": "7.0.0",
      "resolved": "https://registry.yarnpkg.com/ts-node/-/ts-node-7.0.0.tgz",
      "integrity": "sha1-qUoTx15eGqa4KBS4TGjeszm6e/8=",
      "requires": {
        "arrify": "1.0.1",
        "buffer-from": "1.1.0",
        "diff": "3.5.0",
        "make-error": "1.3.4",
        "minimist": "1.2.0",
        "mkdirp": "0.5.1",
        "source-map-support": "0.5.6",
        "yn": "2.0.0"
      },
      "dependencies": {
        "minimist": {
          "version": "1.2.0",
          "resolved": "https://registry.yarnpkg.com/minimist/-/minimist-1.2.0.tgz",
          "integrity": "sha1-o1AIsg9BOD7sH7kU9M1d95omQoQ="
        }
      }
    },
    "handlebars": {
      "version": "4.0.11",
      "resolved": "https://registry.yarnpkg.com/handlebars/-/handlebars-4.0.11.tgz",
      "integrity": "sha1-Ywo13+ApS8KB7a5v/F0yn8eYLcw=",
      "requires": {
        "async": "1.5.2",
        "optimist": "0.6.1",
        "source-map": "0.4.4"
      }
    },
    "synp": {
      "version": "1.3.0",
      "resolved": "https://registry.yarnpkg.com/synp/-/synp-1.3.0.tgz",
      "integrity": "sha1-ByeDPQy/DP9UjNZXQtGtqBfFmqM=",
      "requires": {
        "@yarnpkg/lockfile": "1.0.2",
        "colors": "1.3.0",
        "commander": "2.16.0",
        "eol": "0.9.1",
        "nmtree": "1.0.4"
      }
    },
    "has-ansi": {
      "version": "2.0.0",
      "resolved": "https://registry.yarnpkg.com/has-ansi/-/has-ansi-2.0.0.tgz",
      "integrity": "sha1-NPUEnOHs3ysGSa8+8k5F7TVBbZE=",
      "requires": {
        "ansi-regex": "2.1.1"
      }
    },
    "strip-ansi": {
      "version": "3.0.1",
      "resolved": "https://registry.yarnpkg.com/strip-ansi/-/strip-ansi-3.0.1.tgz",
      "integrity": "sha1-ajhfuIU9lS1f8F0Oiq+UJ43GPc8=",
      "requires": {
        "ansi-regex": "2.1.1"
      }
    },
    "yargs": {
      "version": "3.10.0",
      "resolved": "https://registry.yarnpkg.com/yargs/-/yargs-3.10.0.tgz",
      "integrity": "sha1-9+572FfdfB0tOMDnTvvWgdFDH9E=",
      "requires": {
        "camelcase": "1.2.1",
        "cliui": "2.1.0",
        "decamelize": "1.2.0",
        "window-size": "0.1.0"
      }
    },
    "source-map-support": {
      "version": "0.5.6",
      "resolved": "https://registry.yarnpkg.com/source-map-support/-/source-map-support-0.5.6.tgz",
      "integrity": "sha1-RDXO5Gsaq2K46GEM5g94gJHFHBM=",
      "requires": {
        "buffer-from": "1.1.0",
        "source-map": "0.6.1"
      },
      "dependencies": {
        "source-map": {
          "version": "0.6.1",
          "resolved": "https://registry.yarnpkg.com/source-map/-/source-map-0.6.1.tgz",
          "integrity": "sha1-dHIq8y6WFOnCh6jQu95IteLxomM="
        }
      }
    },
    "wrappy": {
      "version": "1.0.2",
      "resolved": "https://registry.yarnpkg.com/wrappy/-/wrappy-1.0.2.tgz",
      "integrity": "sha1-tSQ9jz7BqjXxNkYFvA0QNuMKtp8="
    },
    "source-map": {
      "version": "0.4.4",
      "resolved": "https://registry.yarnpkg.com/source-map/-/source-map-0.4.4.tgz",
      "integrity": "sha1-66T12pwNyZneaAMti092FzZSA2s=",
      "requires": {
        "amdefine": "1.0.1"
      }
    },
    "inherits": {
      "version": "2.0.3",
      "resolved": "https://registry.yarnpkg.com/inherits/-/inherits-2.0.3.tgz",
      "integrity": "sha1-Yzwsg+PaQqUC9SRmAiSA9CCCYd4="
    },
    "amdefine": {
      "version": "1.0.1",
      "resolved": "https://registry.yarnpkg.com/amdefine/-/amdefine-1.0.1.tgz",
      "integrity": "sha1-SlKCrBZHKek2Gbz9OtFR+BfOkfU="
    },
    "interpret": {
      "version": "1.1.0",
      "resolved": "https://registry.yarnpkg.com/interpret/-/interpret-1.1.0.tgz",
      "integrity": "sha1-ftGxQQxqDg94z5XTuEQMY/eLhhQ="
    },
    "ansi-styles": {
      "version": "2.2.1",
      "resolved": "https://registry.yarnpkg.com/ansi-styles/-/ansi-styles-2.2.1.tgz",
      "integrity": "sha1-tDLdM1i2NM914eRmQ2gkBTPB3b4="
    },
    "is-buffer": {
      "version": "1.1.6",
      "resolved": "https://registry.yarnpkg.com/is-buffer/-/is-buffer-1.1.6.tgz",
      "integrity": "sha1-76ouqdqg16suoTqXsritUf776L4="
    },
    "assertion-error": {
      "version": "1.1.0",
      "resolved": "https://registry.yarnpkg.com/assertion-error/-/assertion-error-1.1.0.tgz",
      "integrity": "sha1-5gtrDo8wG9l+U3UhW9pAbIURjAs="
    },
    "jade": {
      "version": "0.26.3",
      "resolved": "https://registry.yarnpkg.com/jade/-/jade-0.26.3.tgz",
      "integrity": "sha1-jxDXl32NefL2/4YqgbBRPMslaGw=",
      "requires": {
        "commander": "0.6.1",
        "mkdirp": "0.3.0"
      },
      "dependencies": {
        "mkdirp": {
          "version": "0.3.0",
          "resolved": "https://registry.yarnpkg.com/mkdirp/-/mkdirp-0.3.0.tgz",
          "integrity": "sha1-G79asbqCevI1dRQ0kEJkVfSB/h4="
        },
        "commander": {
          "version": "0.6.1",
          "resolved": "https://registry.yarnpkg.com/commander/-/commander-0.6.1.tgz",
          "integrity": "sha1-+mihT2qUXVTbvlDYzbMyDp47GgY="
        }
      }
    },
    "babel-code-frame": {
      "version": "6.26.0",
      "resolved": "https://registry.yarnpkg.com/babel-code-frame/-/babel-code-frame-6.26.0.tgz",
      "integrity": "sha1-Y/1D99weO7fONZR9uP42mj9Yx0s=",
      "requires": {
        "chalk": "1.1.3",
        "esutils": "2.0.2",
        "js-tokens": "3.0.2"
      }
    },
    "sigmund": {
      "version": "1.0.1",
      "resolved": "https://registry.yarnpkg.com/sigmund/-/sigmund-1.0.1.tgz",
      "integrity": "sha1-P/IfGYytIXX587eBhT/ZTQ0ZtZA="
    },
    "brace-expansion": {
      "version": "1.1.11",
      "resolved": "https://registry.yarnpkg.com/brace-expansion/-/brace-expansion-1.1.11.tgz",
      "integrity": "sha1-PH/L9SnYcibz0vUrlm/1Jx60Qd0=",
      "requires": {
        "balanced-match": "1.0.0",
        "concat-map": "0.0.1"
      }
    },
    "shelljs": {
      "version": "0.8.2",
      "resolved": "https://registry.yarnpkg.com/shelljs/-/shelljs-0.8.2.tgz",
      "integrity": "sha1-NFt993Y/TCNA1YSrtTLF91LKnjU=",
      "requires": {
        "glob": "7.1.2",
        "interpret": "1.1.0",
        "rechoir": "0.6.2"
      }
    },
    "camelcase": {
      "version": "1.2.1",
      "resolved": "https://registry.yarnpkg.com/camelcase/-/camelcase-1.2.1.tgz",
      "integrity": "sha1-m7UwTS4LVmmLLHWLCKPqqdqlijk="
    },
    "js-tokens": {
      "version": "3.0.2",
      "resolved": "https://registry.yarnpkg.com/js-tokens/-/js-tokens-3.0.2.tgz",
      "integrity": "sha1-mGbfOVECEw449/mWvOtlRDIJwls="
    },
    "chai": {
      "version": "4.1.2",
      "resolved": "https://registry.yarnpkg.com/chai/-/chai-4.1.2.tgz",
      "integrity": "sha1-D2RYS6ZC8PKs4oBiefTwbKI61zw=",
      "requires": {
        "assertion-error": "1.1.0",
        "check-error": "1.0.2",
        "deep-eql": "3.0.1",
        "get-func-name": "2.0.0",
        "pathval": "1.1.0",
        "type-detect": "4.0.8"
      }
    },
    "jsonfile": {
      "version": "4.0.0",
      "resolved": "https://registry.yarnpkg.com/jsonfile/-/jsonfile-4.0.0.tgz",
      "integrity": "sha1-h3Gq4HmbZAdrdmQPygWPnBDjPss="
    },
    "window-size": {
      "version": "0.1.0",
      "resolved": "https://registry.yarnpkg.com/window-size/-/window-size-0.1.0.tgz",
      "integrity": "sha1-VDjNLqk7IC76Ohn+iIeu58lPnJ0="
    },
    "kind-of": {
      "version": "3.2.2",
      "resolved": "https://registry.yarnpkg.com/kind-of/-/kind-of-3.2.2.tgz",
      "integrity": "sha1-MeohpzS6ubuw8yRm2JOupR5KPGQ=",
      "requires": {
        "is-buffer": "1.1.6"
      }
    },
    "check-error": {
      "version": "1.0.2",
      "resolved": "https://registry.yarnpkg.com/check-error/-/check-error-1.0.2.tgz",
      "integrity": "sha1-V00xLt2Iu13YkS6Sht1sCu1KrII="
    },
    "lazy-cache": {
      "version": "1.0.4",
      "resolved": "https://registry.yarnpkg.com/lazy-cache/-/lazy-cache-1.0.4.tgz",
      "integrity": "sha1-odePw6UEdMuAhF07O24dpJpEbo4="
    },
    "uglify-to-browserify": {
      "version": "1.0.2",
      "resolved": "https://registry.yarnpkg.com/uglify-to-browserify/-/uglify-to-browserify-1.0.2.tgz",
      "integrity": "sha1-bgkk1r2mta/jSeOabWMoUKD4grc="
    },
    "lodash": {
      "version": "4.17.10",
      "resolved": "https://registry.yarnpkg.com/lodash/-/lodash-4.17.10.tgz",
      "integrity": "sha1-G3eTz3JZ6jj7NmHU04syYK+K5Oc="
    },
    "commander": {
      "version": "2.16.0",
      "resolved": "https://registry.yarnpkg.com/commander/-/commander-2.16.0.tgz",
      "integrity": "sha1-8WOQWTmWzrTz7rAgsx14Uo9/ilA="
    },
    "longest": {
      "version": "1.0.1",
      "resolved": "https://registry.yarnpkg.com/longest/-/longest-1.0.1.tgz",
      "integrity": "sha1-MKCy2jj3N3DoKUoNIuZiXtd9AJc="
    },
    "debug": {
      "version": "2.2.0",
      "resolved": "https://registry.yarnpkg.com/debug/-/debug-2.2.0.tgz",
      "integrity": "sha1-+HBX6ZWxofauaklgZkE3vFbwOdo=",
      "requires": {
        "ms": "0.7.1"
      }
    },
    "lru-cache": {
      "version": "2.7.3",
      "resolved": "https://registry.yarnpkg.com/lru-cache/-/lru-cache-2.7.3.tgz",
      "integrity": "sha1-bUUk6LlV+V1PW1iFHOId1y+06VI="
    },
    "deep-eql": {
      "version": "3.0.1",
      "resolved": "https://registry.yarnpkg.com/deep-eql/-/deep-eql-3.0.1.tgz",
      "integrity": "sha1-38lARACtHI/gI+faHfHBR8S0RN8=",
      "requires": {
        "type-detect": "4.0.8"
      }
    },
    "make-error": {
      "version": "1.3.4",
      "resolved": "https://registry.yarnpkg.com/make-error/-/make-error-1.3.4.tgz",
      "integrity": "sha1-GZeO1XX56VRdL/jBPjO10Ypn1TU="
    },
    "eol": {
      "version": "0.9.1",
      "resolved": "https://registry.yarnpkg.com/eol/-/eol-0.9.1.tgz",
      "integrity": "sha1-9wGRL1BAdL41xhF6XEreSc1Ues0="
    },
    "marked": {
      "version": "0.3.19",
      "resolved": "https://registry.yarnpkg.com/marked/-/marked-0.3.19.tgz",
      "integrity": "sha1-XUf3CcTJ/Dwha21GEnKA9As515A="
    },
    "esutils": {
      "version": "2.0.2",
      "resolved": "https://registry.yarnpkg.com/esutils/-/esutils-2.0.2.tgz",
      "integrity": "sha1-Cr9PHKpbyx96nYrMbepPqqBLrJs="
    },
    "minimatch": {
      "version": "3.0.4",
      "resolved": "https://registry.yarnpkg.com/minimatch/-/minimatch-3.0.4.tgz",
      "integrity": "sha1-UWbihkV/AzBgZL5Ul+jbsMPTIIM=",
      "requires": {
        "brace-expansion": "1.1.11"
      }
    },
    "fs.realpath": {
      "version": "1.0.0",
      "resolved": "https://registry.yarnpkg.com/fs.realpath/-/fs.realpath-1.0.0.tgz",
      "integrity": "sha1-FQStJSMVjKpA20onh8sBQRmU6k8="
    },
    "minimist": {
      "version": "0.0.8",
      "resolved": "https://registry.yarnpkg.com/minimist/-/minimist-0.0.8.tgz",
      "integrity": "sha1-hX/Kv8M5fSYluCKCYuhqp6ARsF0="
    },
    "tslint": {
      "version": "5.3.2",
      "resolved": "https://registry.yarnpkg.com/tslint/-/tslint-5.3.2.tgz",
      "integrity": "sha1-5WRZ+wlacwfxA7hAUhdPXju+9u0=",
      "requires": {
        "babel-code-frame": "6.26.0",
        "colors": "1.3.0",
        "diff": "3.5.0",
        "glob": "7.1.2",
        "optimist": "0.6.1",
        "resolve": "1.8.1",
        "semver": "5.5.0",
        "tslib": "1.9.3",
        "tsutils": "2.27.2"
      }
    },
    "mkdirp": {
      "version": "0.5.1",
      "resolved": "https://registry.yarnpkg.com/mkdirp/-/mkdirp-0.5.1.tgz",
      "integrity": "sha1-MAV0OOrGz3+MR2fzhkjWaX11yQM=",
      "requires": {
        "minimist": "0.0.8"
      }
    },
    "supports-color": {
      "version": "1.2.0",
      "resolved": "https://registry.yarnpkg.com/supports-color/-/supports-color-1.2.0.tgz",
      "integrity": "sha1-/x7R5hFp0Gs88tWI4YixjYhH4X4="
    },
    "mocha": {
      "version": "2.5.3",
      "resolved": "https://registry.yarnpkg.com/mocha/-/mocha-2.5.3.tgz",
      "integrity": "sha1-FhvlvetJZ3HrmzV0UFC2IrWu/Fg=",
      "requires": {
        "commander": "2.3.0",
        "debug": "2.2.0",
        "diff": "1.4.0",
        "escape-string-regexp": "1.0.2",
        "glob": "3.2.11",
        "growl": "1.9.2",
        "jade": "0.26.3",
        "mkdirp": "0.5.1",
        "supports-color": "1.2.0",
        "to-iso-string": "0.0.2"
      },
      "dependencies": {
        "glob": {
          "version": "3.2.11",
          "resolved": "https://registry.yarnpkg.com/glob/-/glob-3.2.11.tgz",
          "integrity": "sha1-Spc/Y1uRkPcV0QmH1cAP0oFevj0=",
          "requires": {
            "inherits": "2.0.3",
            "minimatch": "0.3.0"
          }
        },
        "minimatch": {
          "version": "0.3.0",
          "resolved": "https://registry.yarnpkg.com/minimatch/-/minimatch-0.3.0.tgz",
          "integrity": "sha1-J12O2qxPG7MyZHIInnlJyDlGmd0=",
          "requires": {
            "lru-cache": "2.7.3",
            "sigmund": "1.0.1"
          }
        },
        "commander": {
          "version": "2.3.0",
          "resolved": "https://registry.yarnpkg.com/commander/-/commander-2.3.0.tgz",
          "integrity": "sha1-/UMOiJgy7DU7ms0d4hfBHLPu+HM="
        },
        "diff": {
          "version": "1.4.0",
          "resolved": "https://registry.yarnpkg.com/diff/-/diff-1.4.0.tgz",
          "integrity": "sha1-fyjS657nsVqX79ic5j3P2qPMur8="
        }
      }
    },
    "wordwrap": {
      "version": "0.0.3",
      "resolved": "https://registry.yarnpkg.com/wordwrap/-/wordwrap-0.0.3.tgz",
      "integrity": "sha1-o9XabNXAvAAI03I0u68b7WMFkQc="
    },
    "uglify-js": {
      "version": "2.8.29",
      "resolved": "https://registry.yarnpkg.com/uglify-js/-/uglify-js-2.8.29.tgz",
      "integrity": "sha1-KcVzMUgFe7Th913zW3qcty5qWd0=",
      "requires": {
        "source-map": "0.5.7",
        "yargs": "3.10.0"
      },
      "dependencies": {
        "source-map": {
          "version": "0.5.7",
          "resolved": "https://registry.yarnpkg.com/source-map/-/source-map-0.5.7.tgz",
          "integrity": "sha1-igOdLRAh0i0eoUyA2OpGi6LvP8w="
        }
      }
    },
    "ansi-regex": {
      "version": "2.1.1",
      "resolved": "https://registry.yarnpkg.com/ansi-regex/-/ansi-regex-2.1.1.tgz",
      "integrity": "sha1-w7M6te42DYbg5ijwRorn7yfWVN8="
    },
    "typescript": {
      "version": "2.9.2",
      "resolved": "https://registry.yarnpkg.com/typescript/-/typescript-2.9.2.tgz",
      "integrity": "sha1-HL9h0F1rliaSROtqO85L2RTg8Aw="
    },
    "async": {
      "version": "1.5.2",
      "resolved": "https://registry.yarnpkg.com/async/-/async-1.5.2.tgz",
      "integrity": "sha1-7GphrlZIDAw8skHJVhjiCJL5Zyo="
    },
    "typedoc-default-themes": {
      "version": "0.5.0",
      "resolved": "https://registry.yarnpkg.com/typedoc-default-themes/-/typedoc-default-themes-0.5.0.tgz",
      "integrity": "sha1-bcJDPnjti+qOiHo6zeLzF4W9Yic="
    },
    "buffer-from": {
      "version": "1.1.0",
      "resolved": "https://registry.yarnpkg.com/buffer-from/-/buffer-from-1.1.0.tgz",
      "integrity": "sha1-h/yqOimDWOCt5uRCz86EB0DRrQQ="
    },
    "typedoc": {
      "version": "0.11.1",
      "resolved": "https://registry.yarnpkg.com/typedoc/-/typedoc-0.11.1.tgz",
      "integrity": "sha1-nwM4h/0iGMdp4QRf64ih7+2fEsk=",
      "requires": {
        "@types/fs-extra": "5.0.1",
        "@types/handlebars": "4.0.36",
        "@types/highlight.js": "9.12.2",
        "@types/lodash": "4.14.104",
        "@types/marked": "0.3.0",
        "@types/minimatch": "3.0.3",
        "@types/shelljs": "0.7.8",
        "fs-extra": "5.0.0",
        "handlebars": "4.0.11",
        "highlight.js": "9.12.0",
        "lodash": "4.17.10",
        "marked": "0.3.19",
        "minimatch": "3.0.4",
        "progress": "2.0.0",
        "shelljs": "0.8.2",
        "typedoc-default-themes": "0.5.0",
        "typescript": "2.7.2"
      },
      "dependencies": {
        "typescript": {
          "version": "2.7.2",
          "resolved": "https://registry.yarnpkg.com/typescript/-/typescript-2.7.2.tgz",
          "integrity": "sha1-LWFaHvSu5PV0Qlzf9wJu34GRmDY="
        }
      }
    },
    "chalk": {
      "version": "1.1.3",
      "resolved": "https://registry.yarnpkg.com/chalk/-/chalk-1.1.3.tgz",
      "integrity": "sha1-qBFcVeSnAv5NFQq9OHKCKn4J/Jg=",
      "requires": {
        "ansi-styles": "2.2.1",
        "escape-string-regexp": "1.0.5",
        "has-ansi": "2.0.0",
        "strip-ansi": "3.0.1",
        "supports-color": "2.0.0"
      },
      "dependencies": {
        "supports-color": {
          "version": "2.0.0",
          "resolved": "https://registry.yarnpkg.com/supports-color/-/supports-color-2.0.0.tgz",
          "integrity": "sha1-U10EXOa2Nj+kARcIRimZXp3zJMc="
        },
        "escape-string-regexp": {
          "version": "1.0.5",
          "resolved": "https://registry.yarnpkg.com/escape-string-regexp/-/escape-string-regexp-1.0.5.tgz",
          "integrity": "sha1-G2HAViGQqN/2rjuyzwIAyhMLhtQ="
        }
      }
    },
    "ms": {
      "version": "0.7.1",
      "resolved": "https://registry.yarnpkg.com/ms/-/ms-0.7.1.tgz",
      "integrity": "sha1-nNE8A62/8ltl7/3nzoZO6VIBcJg="
    },
    "cliui": {
      "version": "2.1.0",
      "resolved": "https://registry.yarnpkg.com/cliui/-/cliui-2.1.0.tgz",
      "integrity": "sha1-S0dXYP+AJkx2LDoXGQMukcf+oNE=",
      "requires": {
        "center-align": "0.1.3",
        "right-align": "0.1.3",
        "wordwrap": "0.0.2"
      },
      "dependencies": {
        "wordwrap": {
          "version": "0.0.2",
          "resolved": "https://registry.yarnpkg.com/wordwrap/-/wordwrap-0.0.2.tgz",
          "integrity": "sha1-t5Zpu0LstAn4PVg8rVLKF+qhZD8="
        }
      }
    },
    "nmtree": {
      "version": "1.0.4",
      "resolved": "https://registry.yarnpkg.com/nmtree/-/nmtree-1.0.4.tgz",
      "integrity": "sha1-aVJU+ZeQBEBv+FeZE91fsY9N2ic=",
      "requires": {
        "commander": "2.16.0"
      }
    },
    "concat-map": {
      "version": "0.0.1",
      "resolved": "https://registry.yarnpkg.com/concat-map/-/concat-map-0.0.1.tgz",
      "integrity": "sha1-2Klr13/Wjfd5OnMDajug1UBdR3s="
    },
    "once": {
      "version": "1.4.0",
      "resolved": "https://registry.yarnpkg.com/once/-/once-1.4.0.tgz",
      "integrity": "sha1-WDsap3WWHUsROsF9nFC6753Xa9E=",
      "requires": {
        "wrappy": "1.0.2"
      }
    },
    "diff": {
      "version": "3.5.0",
      "resolved": "https://registry.yarnpkg.com/diff/-/diff-3.5.0.tgz",
      "integrity": "sha1-gAwN0eCov7yVg1wgKtIg/jF+WhI="
    },
    "optimist": {
      "version": "0.6.1",
      "resolved": "https://registry.yarnpkg.com/optimist/-/optimist-0.6.1.tgz",
      "integrity": "sha1-2j6nRob6IaGaERwybpDrFaAZZoY=",
      "requires": {
        "wordwrap": "0.0.3",
        "minimist": "0.0.10"
      },
      "dependencies": {
        "minimist": {
          "version": "0.0.10",
          "resolved": "https://registry.yarnpkg.com/minimist/-/minimist-0.0.10.tgz",
          "integrity": "sha1-3j+YVD2/lggr5IrRoMfNqDYwHc8="
        }
      }
    },
    "fs-extra": {
      "version": "5.0.0",
      "resolved": "https://registry.yarnpkg.com/fs-extra/-/fs-extra-5.0.0.tgz",
      "integrity": "sha1-QU0BEM3QZwVzTQVWUsVBEmDDGr0=",
      "requires": {
        "graceful-fs": "4.1.11",
        "jsonfile": "4.0.0",
        "universalify": "0.1.2"
      }
    },
    "type-detect": {
      "version": "4.0.8",
      "resolved": "https://registry.yarnpkg.com/type-detect/-/type-detect-4.0.8.tgz",
      "integrity": "sha1-dkb7XxiHHPu3dJ5pvTmmOI63RQw="
    },
    "to-iso-string": {
      "version": "0.0.2",
      "resolved": "https://registry.yarnpkg.com/to-iso-string/-/to-iso-string-0.0.2.tgz",
      "integrity": "sha1-TcGeZk38y+Jb2NtQiwDG2hWCVdE="
    },
    "path-is-absolute": {
      "version": "1.0.1",
      "resolved": "https://registry.yarnpkg.com/path-is-absolute/-/path-is-absolute-1.0.1.tgz",
      "integrity": "sha1-F0uSaHNVNP+8es5r9TpanhtcX18="
    },
    "align-text": {
      "version": "0.1.4",
      "resolved": "https://registry.yarnpkg.com/align-text/-/align-text-0.1.4.tgz",
      "integrity": "sha1-DNkKVhCT810KmSVsIrcGlDP60Rc=",
      "requires": {
        "kind-of": "3.2.2",
        "longest": "1.0.1",
        "repeat-string": "1.6.1"
      }
    },
    "path-parse": {
      "version": "1.0.5",
      "resolved": "https://registry.yarnpkg.com/path-parse/-/path-parse-1.0.5.tgz",
      "integrity": "sha1-PBrfhx6pzWyUMbbqK9dKD/BVxME="
    },
    "balanced-match": {
      "version": "1.0.0",
      "resolved": "https://registry.yarnpkg.com/balanced-match/-/balanced-match-1.0.0.tgz",
      "integrity": "sha1-ibTRmasr7kneFk6gK4nORi1xt2c="
    },
    "pathval": {
      "version": "1.1.0",
      "resolved": "https://registry.yarnpkg.com/pathval/-/pathval-1.1.0.tgz",
      "integrity": "sha1-uULm1L3mUwBe9rcTYd74cn0GReA="
    },
    "universalify": {
      "version": "0.1.2",
      "resolved": "https://registry.yarnpkg.com/universalify/-/universalify-0.1.2.tgz",
      "integrity": "sha1-tkb2m+OULavOzJ1mOcgNwQXvqmY="
    },
    "progress": {
      "version": "2.0.0",
      "resolved": "https://registry.yarnpkg.com/progress/-/progress-2.0.0.tgz",
      "integrity": "sha1-ihvjZr+Pwj2yvSPxDG/pILQ4nR8="
    },
    "decamelize": {
      "version": "1.2.0",
      "resolved": "https://registry.yarnpkg.com/decamelize/-/decamelize-1.2.0.tgz",
      "integrity": "sha1-9lNNFRSCabIDUue+4m9QH5oZEpA="
    },
    "promised-timeout": {
      "version": "0.3.3",
      "resolved": "https://registry.yarnpkg.com/promised-timeout/-/promised-timeout-0.3.3.tgz",
      "integrity": "sha1-N83SCVc6oiAW1eFE0RDYeAE4FsA="
    },
    "get-func-name": {
      "version": "2.0.0",
      "resolved": "https://registry.yarnpkg.com/get-func-name/-/get-func-name-2.0.0.tgz",
      "integrity": "sha1-6td0q+5y4gQJQzoGY2YCPdaIekE="
    },
    "arrify": {
      "version": "1.0.1",
      "resolved": "https://registry.yarnpkg.com/arrify/-/arrify-1.0.1.tgz",
      "integrity": "sha1-iYUI2iIm84DfkEcoRWhJwVAaSw0="
    },
    "right-align": {
      "version": "0.1.3",
      "resolved": "https://registry.yarnpkg.com/right-align/-/right-align-0.1.3.tgz",
      "integrity": "sha1-YTObci/mo1FWiSENJOFMlhSGE+8=",
      "requires": {
        "align-text": "0.1.4"
      }
    },
    "resolve": {
      "version": "1.8.1",
      "resolved": "https://registry.yarnpkg.com/resolve/-/resolve-1.8.1.tgz",
      "integrity": "sha1-gvHsGaQjrB+9CAsLqwa6NuhKeiY=",
      "requires": {
        "path-parse": "1.0.5"
      }
    },
    "repeat-string": {
      "version": "1.6.1",
      "resolved": "https://registry.yarnpkg.com/repeat-string/-/repeat-string-1.6.1.tgz",
      "integrity": "sha1-jcrkcOHIirwtYA//Sndihtp15jc="
    },
    "rechoir": {
      "version": "0.6.2",
      "resolved": "https://registry.yarnpkg.com/rechoir/-/rechoir-0.6.2.tgz",
      "integrity": "sha1-hSBLVNuoLVdC4oyWdW70OvUOM4Q=",
      "requires": {
        "resolve": "1.8.1"
      }
    },
    "center-align": {
      "version": "0.1.3",
      "resolved": "https://registry.yarnpkg.com/center-align/-/center-align-0.1.3.tgz",
      "integrity": "sha1-qg0yYptu6XIgBBHL1EYckHvCt60=",
      "requires": {
        "align-text": "0.1.4",
        "lazy-cache": "1.0.4"
      }
    },
    "tsutils": {
      "version": "2.27.2",
      "resolved": "https://registry.yarnpkg.com/tsutils/-/tsutils-2.27.2.tgz",
      "integrity": "sha1-YLqIoj1veF7EuJxugXnKybQx8cc=",
      "requires": {
        "tslib": "1.9.3"
      }
    },
    "escape-string-regexp": {
      "version": "1.0.2",
      "resolved": "https://registry.yarnpkg.com/escape-string-regexp/-/escape-string-regexp-1.0.2.tgz",
      "integrity": "sha1-Tbwv5nTnGUnK8/smlc5/LcHZqNE="
    },
    "colors": {
      "version": "1.3.0",
      "resolved": "https://registry.yarnpkg.com/colors/-/colors-1.3.0.tgz",
      "integrity": "sha1-XyDJ/vaUXLETQmCqszv73IKV4E4="
    },
    "@types/events": {
      "version": "1.2.0",
      "resolved": "https://registry.yarnpkg.com/@types/events/-/events-1.2.0.tgz",
      "integrity": "sha1-gaZzHOTfQ2GeXIyUU4Oz5iqJ6oY="
    },
    "@types/minimatch": {
      "version": "3.0.3",
      "resolved": "https://registry.yarnpkg.com/@types/minimatch/-/minimatch-3.0.3.tgz",
      "integrity": "sha1-PcoOPzOyAPx9ETnAzZbBJoyt/Z0="
    },
    "@types/glob": {
      "version": "5.0.35",
      "resolved": "https://registry.yarnpkg.com/@types/glob/-/glob-5.0.35.tgz",
      "integrity": "sha1-GuFRyALOzpQEQ7WsJGklyFGJ8yo=",
      "requires": {
        "@types/events": "1.2.0",
        "@types/minimatch": "3.0.3",
        "@types/node": "10.5.2"
      },
      "dependencies": {
        "@types/node": {
          "version": "10.5.2",
          "resolved": "https://registry.yarnpkg.com/@types/node/-/node-10.5.2.tgz",
          "integrity": "sha1-8Z8FMU1UIf4350FTJUIBp78Apwc="
        }
      }
    },
    "@types/fs-extra": {
      "version": "5.0.1",
      "resolved": "https://registry.yarnpkg.com/@types/fs-extra/-/fs-extra-5.0.1.tgz",
      "integrity": "sha1-zYVvu91q8sEfJviSj9hkTJ6WFsk=",
      "requires": {
        "@types/node": "10.5.2"
      },
      "dependencies": {
        "@types/node": {
          "version": "10.5.2",
          "resolved": "https://registry.yarnpkg.com/@types/node/-/node-10.5.2.tgz",
          "integrity": "sha1-8Z8FMU1UIf4350FTJUIBp78Apwc="
        }
      }
    },
    "@types/handlebars": {
      "version": "4.0.36",
      "resolved": "https://registry.yarnpkg.com/@types/handlebars/-/handlebars-4.0.36.tgz",
      "integrity": "sha1-/1fHf6GrZxO7RGU03cTZeXB6Onk="
    },
    "@types/highlight.js": {
      "version": "9.12.2",
      "resolved": "https://registry.yarnpkg.com/@types/highlight.js/-/highlight.js-9.12.2.tgz",
      "integrity": "sha1-bufNOV7/5eyAtRXT/xaZBozQzR0="
    },
    "@types/lodash": {
      "version": "4.14.104",
      "resolved": "https://registry.yarnpkg.com/@types/lodash/-/lodash-4.14.104.tgz",
      "integrity": "sha1-U+4jV/oubmg3k0HZLrLs6ksRu4A="
    },
    "@types/marked": {
      "version": "0.3.0",
      "resolved": "https://registry.yarnpkg.com/@types/marked/-/marked-0.3.0.tgz",
      "integrity": "sha1-WDwiPdMzhaHdoBqvd7DNBBHEtSQ="
    },
    "@types/chai": {
      "version": "4.1.4",
      "resolved": "https://registry.yarnpkg.com/@types/chai/-/chai-4.1.4.tgz",
      "integrity": "sha1-XKBzszDZC0Bm1s4Y9g1X8ghM6Mo="
    },
    "@types/mocha": {
      "version": "2.2.48",
      "resolved": "https://registry.yarnpkg.com/@types/mocha/-/mocha-2.2.48.tgz",
      "integrity": "sha1-NSOxJqCwSUguHDwRh3Rg92Yi/6s="
    },
    "@types/node": {
      "version": "7.0.67",
      "resolved": "https://registry.yarnpkg.com/@types/node/-/node-7.0.67.tgz",
      "integrity": "sha1-OurPQp4k4I4U12IQOdN7f1NULs8="
    },
    "@types/shelljs": {
      "version": "0.7.8",
      "resolved": "https://registry.yarnpkg.com/@types/shelljs/-/shelljs-0.7.8.tgz",
      "integrity": "sha1-S01u55JuWNe8pEilC6RC/Z9nFb0=",
      "requires": {
        "@types/glob": "5.0.35",
        "@types/node": "10.5.2"
      },
      "dependencies": {
        "@types/node": {
          "version": "10.5.2",
          "resolved": "https://registry.yarnpkg.com/@types/node/-/node-10.5.2.tgz",
          "integrity": "sha1-8Z8FMU1UIf4350FTJUIBp78Apwc="
        }
      }
    },
    "@yarnpkg/lockfile": {
      "version": "1.0.2",
      "resolved": "https://registry.yarnpkg.com/@yarnpkg/lockfile/-/lockfile-1.0.2.tgz",
      "integrity": "sha1-gz0WNoChUdJEGiSJ9f5fqHrIdyY="
    }
  }
}